// !$*UTF8*$!
{
	archiveVersion = 1;
	classes = {
	};
	objectVersion = 50;
	objects = {

/* Begin PBXBuildFile section */
		8213DC2F2626E3870052049A /* PersonNode.swift in Sources */ = {isa = PBXBuildFile; fileRef = 8213DC2E2626E3870052049A /* PersonNode.swift */; };
		8213DC4B26273FD20052049A /* Line.swift in Sources */ = {isa = PBXBuildFile; fileRef = 8213DC4A26273FD20052049A /* Line.swift */; };
		82149E1C262ADF69001A3797 /* RainSound.wav in Resources */ = {isa = PBXBuildFile; fileRef = 82149E1B262ADF69001A3797 /* RainSound.wav */; };
		82149E21262AE0C6001A3797 /* RainBackground.swift in Sources */ = {isa = PBXBuildFile; fileRef = 82149E20262AE0C6001A3797 /* RainBackground.swift */; };
		82149E25262AE13C001A3797 /* Rain.xcassets in Resources */ = {isa = PBXBuildFile; fileRef = 82149E24262AE13C001A3797 /* Rain.xcassets */; };
		82149E54262AE484001A3797 /* BackgroundSender.swift in Sources */ = {isa = PBXBuildFile; fileRef = 82149E53262AE484001A3797 /* BackgroundSender.swift */; };
		82189AD0261CBC1100DCB0D6 /* GuidingScene1.swift in Sources */ = {isa = PBXBuildFile; fileRef = 82189ACF261CBC1100DCB0D6 /* GuidingScene1.swift */; };
		82189ADD261CE59400DCB0D6 /* SpriteKitClass.swift in Sources */ = {isa = PBXBuildFile; fileRef = 82189ADC261CE59400DCB0D6 /* SpriteKitClass.swift */; };
		82189AE1261CECB300DCB0D6 /* GuidingScene2.swift in Sources */ = {isa = PBXBuildFile; fileRef = 82189AE0261CECB300DCB0D6 /* GuidingScene2.swift */; };
		821F5BB8261F8FAD00002453 /* MainMenuView.swift in Sources */ = {isa = PBXBuildFile; fileRef = 821F5BB7261F8FAD00002453 /* MainMenuView.swift */; };
		821F5BBB261F91A000002453 /* GameIntroduction1.swift in Sources */ = {isa = PBXBuildFile; fileRef = 821F5BBA261F91A000002453 /* GameIntroduction1.swift */; };
		821F5BBE261F925300002453 /* QuoteView.swift in Sources */ = {isa = PBXBuildFile; fileRef = 821F5BBD261F925300002453 /* QuoteView.swift */; };
		821F5BC1261F934200002453 /* ViewRouter.swift in Sources */ = {isa = PBXBuildFile; fileRef = 821F5BC0261F934200002453 /* ViewRouter.swift */; };
		821F983B2618E048008BC2E1 /* Swift_Student_Challenge_XCodeApp.swift in Sources */ = {isa = PBXBuildFile; fileRef = 821F983A2618E048008BC2E1 /* Swift_Student_Challenge_XCodeApp.swift */; };
		821F983D2618E048008BC2E1 /* ContentView.swift in Sources */ = {isa = PBXBuildFile; fileRef = 821F983C2618E048008BC2E1 /* ContentView.swift */; };
		821F983F2618E050008BC2E1 /* Assets.xcassets in Resources */ = {isa = PBXBuildFile; fileRef = 821F983E2618E050008BC2E1 /* Assets.xcassets */; };
		821F98422618E050008BC2E1 /* Preview Assets.xcassets in Resources */ = {isa = PBXBuildFile; fileRef = 821F98412618E050008BC2E1 /* Preview Assets.xcassets */; };
		821F984C2618E7B3008BC2E1 /* Extentions.swift in Sources */ = {isa = PBXBuildFile; fileRef = 821F984B2618E7B3008BC2E1 /* Extentions.swift */; };
		821F984F2618FDA5008BC2E1 /* HowToPlayView.swift in Sources */ = {isa = PBXBuildFile; fileRef = 821F984E2618FDA5008BC2E1 /* HowToPlayView.swift */; };
		821F98522618FE89008BC2E1 /* Persons.xcassets in Resources */ = {isa = PBXBuildFile; fileRef = 821F98512618FE89008BC2E1 /* Persons.xcassets */; };
		821F98552619019A008BC2E1 /* SamplePersonScene.swift in Sources */ = {isa = PBXBuildFile; fileRef = 821F98542619019A008BC2E1 /* SamplePersonScene.swift */; };
		8224973126286A0A0095AB0A /* DialogMenu.swift in Sources */ = {isa = PBXBuildFile; fileRef = 8224973026286A0A0095AB0A /* DialogMenu.swift */; };
		824ECDD22620E6DC008DB9E2 /* GameIntroduction2.swift in Sources */ = {isa = PBXBuildFile; fileRef = 824ECDD12620E6DC008DB9E2 /* GameIntroduction2.swift */; };
		824ECDD72620F88E008DB9E2 /* GameIntroduction3.swift in Sources */ = {isa = PBXBuildFile; fileRef = 824ECDD62620F88E008DB9E2 /* GameIntroduction3.swift */; };
		824ECDE22621DFE0008DB9E2 /* GameView.swift in Sources */ = {isa = PBXBuildFile; fileRef = 824ECDE12621DFE0008DB9E2 /* GameView.swift */; };
		824ECE0E26222DAF008DB9E2 /* GameViewWrapper.swift in Sources */ = {isa = PBXBuildFile; fileRef = 824ECE0D26222DAF008DB9E2 /* GameViewWrapper.swift */; };
		824ECE11262232DE008DB9E2 /* Backlog.md in Resources */ = {isa = PBXBuildFile; fileRef = 824ECE10262232DD008DB9E2 /* Backlog.md */; };
		829A9C9D262C5161001B1C78 /* MyPlayground.h in Headers */ = {isa = PBXBuildFile; fileRef = 829A9C9B262C5161001B1C78 /* MyPlayground.h */; settings = {ATTRIBUTES = (Public, ); }; };
		829A9CA0262C5161001B1C78 /* MyPlayground.framework in Frameworks */ = {isa = PBXBuildFile; fileRef = 829A9C99262C5161001B1C78 /* MyPlayground.framework */; };
		829A9CA1262C5161001B1C78 /* MyPlayground.framework in Embed Frameworks */ = {isa = PBXBuildFile; fileRef = 829A9C99262C5161001B1C78 /* MyPlayground.framework */; settings = {ATTRIBUTES = (CodeSignOnCopy, RemoveHeadersOnCopy, ); }; };
		829A9CB6262C5246001B1C78 /* SSC.framework in Frameworks */ = {isa = PBXBuildFile; fileRef = 829A9CAD262C5246001B1C78 /* SSC.framework */; };
		829A9CBD262C5246001B1C78 /* SSCTests.swift in Sources */ = {isa = PBXBuildFile; fileRef = 829A9CBC262C5246001B1C78 /* SSCTests.swift */; };
		829A9CBF262C5246001B1C78 /* SSC.h in Headers */ = {isa = PBXBuildFile; fileRef = 829A9CAF262C5246001B1C78 /* SSC.h */; settings = {ATTRIBUTES = (Public, ); }; };
		829A9CC2262C5246001B1C78 /* SSC.framework in Frameworks */ = {isa = PBXBuildFile; fileRef = 829A9CAD262C5246001B1C78 /* SSC.framework */; };
		829A9CC3262C5246001B1C78 /* SSC.framework in Embed Frameworks */ = {isa = PBXBuildFile; fileRef = 829A9CAD262C5246001B1C78 /* SSC.framework */; settings = {ATTRIBUTES = (CodeSignOnCopy, RemoveHeadersOnCopy, ); }; };
		82D9F82A261B18030038F93A /* IntrestGuide.swift in Sources */ = {isa = PBXBuildFile; fileRef = 82D9F829261B18030038F93A /* IntrestGuide.swift */; };
		82D9F831261B4D1E0038F93A /* Names.swift in Sources */ = {isa = PBXBuildFile; fileRef = 82D9F830261B4D1E0038F93A /* Names.swift */; };
		82D9F834261B55940038F93A /* Hobbies.swift in Sources */ = {isa = PBXBuildFile; fileRef = 82D9F833261B55930038F93A /* Hobbies.swift */; };
		82D9F837261B80C30038F93A /* ObservableClass.swift in Sources */ = {isa = PBXBuildFile; fileRef = 82D9F836261B80C30038F93A /* ObservableClass.swift */; };
		82DEB8A0261E2392009B2FC8 /* GuidingScene4.swift in Sources */ = {isa = PBXBuildFile; fileRef = 82DEB89F261E2392009B2FC8 /* GuidingScene4.swift */; };
		82DEB8A3261E2D80009B2FC8 /* GuidingScene5.swift in Sources */ = {isa = PBXBuildFile; fileRef = 82DEB8A2261E2D80009B2FC8 /* GuidingScene5.swift */; };
/* End PBXBuildFile section */

/* Begin PBXContainerItemProxy section */
		829A9C9E262C5161001B1C78 /* PBXContainerItemProxy */ = {
			isa = PBXContainerItemProxy;
			containerPortal = 821F982F2618E047008BC2E1 /* Project object */;
			proxyType = 1;
			remoteGlobalIDString = 829A9C98262C5161001B1C78;
			remoteInfo = MyPlayground;
		};
		829A9CB7262C5246001B1C78 /* PBXContainerItemProxy */ = {
			isa = PBXContainerItemProxy;
			containerPortal = 821F982F2618E047008BC2E1 /* Project object */;
			proxyType = 1;
			remoteGlobalIDString = 829A9CAC262C5246001B1C78;
			remoteInfo = SSC;
		};
		829A9CB9262C5246001B1C78 /* PBXContainerItemProxy */ = {
			isa = PBXContainerItemProxy;
			containerPortal = 821F982F2618E047008BC2E1 /* Project object */;
			proxyType = 1;
			remoteGlobalIDString = 821F98362618E048008BC2E1;
			remoteInfo = "Swift Student Challenge-XCode";
		};
		829A9CC0262C5246001B1C78 /* PBXContainerItemProxy */ = {
			isa = PBXContainerItemProxy;
			containerPortal = 821F982F2618E047008BC2E1 /* Project object */;
			proxyType = 1;
			remoteGlobalIDString = 829A9CAC262C5246001B1C78;
			remoteInfo = SSC;
		};
/* End PBXContainerItemProxy section */

/* Begin PBXCopyFilesBuildPhase section */
		829A9CA5262C5161001B1C78 /* Embed Frameworks */ = {
			isa = PBXCopyFilesBuildPhase;
			buildActionMask = 2147483647;
			dstPath = "";
			dstSubfolderSpec = 10;
			files = (
				829A9CC3262C5246001B1C78 /* SSC.framework in Embed Frameworks */,
				829A9CA1262C5161001B1C78 /* MyPlayground.framework in Embed Frameworks */,
			);
			name = "Embed Frameworks";
			runOnlyForDeploymentPostprocessing = 0;
		};
/* End PBXCopyFilesBuildPhase section */

/* Begin PBXFileReference section */
		8213DC2E2626E3870052049A /* PersonNode.swift */ = {isa = PBXFileReference; lastKnownFileType = sourcecode.swift; path = PersonNode.swift; sourceTree = "<group>"; };
		8213DC4A26273FD20052049A /* Line.swift */ = {isa = PBXFileReference; lastKnownFileType = sourcecode.swift; path = Line.swift; sourceTree = "<group>"; };
		82149E1B262ADF69001A3797 /* RainSound.wav */ = {isa = PBXFileReference; lastKnownFileType = audio.wav; path = RainSound.wav; sourceTree = "<group>"; };
		82149E20262AE0C6001A3797 /* RainBackground.swift */ = {isa = PBXFileReference; lastKnownFileType = sourcecode.swift; path = RainBackground.swift; sourceTree = "<group>"; };
		82149E24262AE13C001A3797 /* Rain.xcassets */ = {isa = PBXFileReference; lastKnownFileType = folder.assetcatalog; path = Rain.xcassets; sourceTree = "<group>"; };
		82149E53262AE484001A3797 /* BackgroundSender.swift */ = {isa = PBXFileReference; lastKnownFileType = sourcecode.swift; path = BackgroundSender.swift; sourceTree = "<group>"; };
		82189ACF261CBC1100DCB0D6 /* GuidingScene1.swift */ = {isa = PBXFileReference; lastKnownFileType = sourcecode.swift; path = GuidingScene1.swift; sourceTree = "<group>"; };
		82189ADC261CE59400DCB0D6 /* SpriteKitClass.swift */ = {isa = PBXFileReference; lastKnownFileType = sourcecode.swift; path = SpriteKitClass.swift; sourceTree = "<group>"; };
		82189AE0261CECB300DCB0D6 /* GuidingScene2.swift */ = {isa = PBXFileReference; lastKnownFileType = sourcecode.swift; path = GuidingScene2.swift; sourceTree = "<group>"; };
		821F5BB7261F8FAD00002453 /* MainMenuView.swift */ = {isa = PBXFileReference; lastKnownFileType = sourcecode.swift; path = MainMenuView.swift; sourceTree = "<group>"; };
		821F5BBA261F91A000002453 /* GameIntroduction1.swift */ = {isa = PBXFileReference; lastKnownFileType = sourcecode.swift; path = GameIntroduction1.swift; sourceTree = "<group>"; };
		821F5BBD261F925300002453 /* QuoteView.swift */ = {isa = PBXFileReference; lastKnownFileType = sourcecode.swift; path = QuoteView.swift; sourceTree = "<group>"; };
		821F5BC0261F934200002453 /* ViewRouter.swift */ = {isa = PBXFileReference; lastKnownFileType = sourcecode.swift; path = ViewRouter.swift; sourceTree = "<group>"; };
		821F98372618E048008BC2E1 /* Swift Student Challenge-XCode.app */ = {isa = PBXFileReference; explicitFileType = wrapper.application; includeInIndex = 0; path = "Swift Student Challenge-XCode.app"; sourceTree = BUILT_PRODUCTS_DIR; };
		821F983A2618E048008BC2E1 /* Swift_Student_Challenge_XCodeApp.swift */ = {isa = PBXFileReference; lastKnownFileType = sourcecode.swift; path = Swift_Student_Challenge_XCodeApp.swift; sourceTree = "<group>"; };
		821F983C2618E048008BC2E1 /* ContentView.swift */ = {isa = PBXFileReference; lastKnownFileType = sourcecode.swift; path = ContentView.swift; sourceTree = "<group>"; };
		821F983E2618E050008BC2E1 /* Assets.xcassets */ = {isa = PBXFileReference; lastKnownFileType = folder.assetcatalog; path = Assets.xcassets; sourceTree = "<group>"; };
		821F98412618E050008BC2E1 /* Preview Assets.xcassets */ = {isa = PBXFileReference; lastKnownFileType = folder.assetcatalog; path = "Preview Assets.xcassets"; sourceTree = "<group>"; };
		821F98432618E050008BC2E1 /* Info.plist */ = {isa = PBXFileReference; lastKnownFileType = text.plist.xml; path = Info.plist; sourceTree = "<group>"; };
		821F984B2618E7B3008BC2E1 /* Extentions.swift */ = {isa = PBXFileReference; lastKnownFileType = sourcecode.swift; path = Extentions.swift; sourceTree = "<group>"; };
		821F984E2618FDA5008BC2E1 /* HowToPlayView.swift */ = {isa = PBXFileReference; lastKnownFileType = sourcecode.swift; path = HowToPlayView.swift; sourceTree = "<group>"; };
		821F98512618FE89008BC2E1 /* Persons.xcassets */ = {isa = PBXFileReference; lastKnownFileType = folder.assetcatalog; path = Persons.xcassets; sourceTree = "<group>"; };
		821F98542619019A008BC2E1 /* SamplePersonScene.swift */ = {isa = PBXFileReference; lastKnownFileType = sourcecode.swift; path = SamplePersonScene.swift; sourceTree = "<group>"; };
		8224973026286A0A0095AB0A /* DialogMenu.swift */ = {isa = PBXFileReference; lastKnownFileType = sourcecode.swift; path = DialogMenu.swift; sourceTree = "<group>"; };
		824ECDD12620E6DC008DB9E2 /* GameIntroduction2.swift */ = {isa = PBXFileReference; lastKnownFileType = sourcecode.swift; path = GameIntroduction2.swift; sourceTree = "<group>"; };
		824ECDD62620F88E008DB9E2 /* GameIntroduction3.swift */ = {isa = PBXFileReference; lastKnownFileType = sourcecode.swift; path = GameIntroduction3.swift; sourceTree = "<group>"; };
		824ECDE12621DFE0008DB9E2 /* GameView.swift */ = {isa = PBXFileReference; lastKnownFileType = sourcecode.swift; path = GameView.swift; sourceTree = "<group>"; };
		824ECE0D26222DAF008DB9E2 /* GameViewWrapper.swift */ = {isa = PBXFileReference; lastKnownFileType = sourcecode.swift; path = GameViewWrapper.swift; sourceTree = "<group>"; };
		824ECE10262232DD008DB9E2 /* Backlog.md */ = {isa = PBXFileReference; fileEncoding = 4; lastKnownFileType = net.daringfireball.markdown; path = Backlog.md; sourceTree = "<group>"; };
		829A9C99262C5161001B1C78 /* MyPlayground.framework */ = {isa = PBXFileReference; explicitFileType = wrapper.framework; includeInIndex = 0; path = MyPlayground.framework; sourceTree = BUILT_PRODUCTS_DIR; };
		829A9C9B262C5161001B1C78 /* MyPlayground.h */ = {isa = PBXFileReference; lastKnownFileType = sourcecode.c.h; path = MyPlayground.h; sourceTree = "<group>"; };
		829A9C9C262C5161001B1C78 /* Info.plist */ = {isa = PBXFileReference; lastKnownFileType = text.plist.xml; path = Info.plist; sourceTree = "<group>"; };
		829A9CAD262C5246001B1C78 /* SSC.framework */ = {isa = PBXFileReference; explicitFileType = wrapper.framework; includeInIndex = 0; path = SSC.framework; sourceTree = BUILT_PRODUCTS_DIR; };
		829A9CAF262C5246001B1C78 /* SSC.h */ = {isa = PBXFileReference; lastKnownFileType = sourcecode.c.h; path = SSC.h; sourceTree = "<group>"; };
		829A9CB0262C5246001B1C78 /* Info.plist */ = {isa = PBXFileReference; lastKnownFileType = text.plist.xml; path = Info.plist; sourceTree = "<group>"; };
		829A9CB5262C5246001B1C78 /* SSCTests.xctest */ = {isa = PBXFileReference; explicitFileType = wrapper.cfbundle; includeInIndex = 0; path = SSCTests.xctest; sourceTree = BUILT_PRODUCTS_DIR; };
		829A9CBC262C5246001B1C78 /* SSCTests.swift */ = {isa = PBXFileReference; lastKnownFileType = sourcecode.swift; path = SSCTests.swift; sourceTree = "<group>"; };
		829A9CBE262C5246001B1C78 /* Info.plist */ = {isa = PBXFileReference; lastKnownFileType = text.plist.xml; path = Info.plist; sourceTree = "<group>"; };
		82D9F829261B18030038F93A /* IntrestGuide.swift */ = {isa = PBXFileReference; lastKnownFileType = sourcecode.swift; path = IntrestGuide.swift; sourceTree = "<group>"; };
		82D9F830261B4D1E0038F93A /* Names.swift */ = {isa = PBXFileReference; lastKnownFileType = sourcecode.swift; path = Names.swift; sourceTree = "<group>"; };
		82D9F833261B55930038F93A /* Hobbies.swift */ = {isa = PBXFileReference; lastKnownFileType = sourcecode.swift; path = Hobbies.swift; sourceTree = "<group>"; };
		82D9F836261B80C30038F93A /* ObservableClass.swift */ = {isa = PBXFileReference; lastKnownFileType = sourcecode.swift; path = ObservableClass.swift; sourceTree = "<group>"; };
		82DEB89F261E2392009B2FC8 /* GuidingScene4.swift */ = {isa = PBXFileReference; lastKnownFileType = sourcecode.swift; path = GuidingScene4.swift; sourceTree = "<group>"; };
		82DEB8A2261E2D80009B2FC8 /* GuidingScene5.swift */ = {isa = PBXFileReference; lastKnownFileType = sourcecode.swift; path = GuidingScene5.swift; sourceTree = "<group>"; };
/* End PBXFileReference section */

/* Begin PBXFrameworksBuildPhase section */
		821F98342618E048008BC2E1 /* Frameworks */ = {
			isa = PBXFrameworksBuildPhase;
			buildActionMask = 2147483647;
			files = (
				829A9CC2262C5246001B1C78 /* SSC.framework in Frameworks */,
				829A9CA0262C5161001B1C78 /* MyPlayground.framework in Frameworks */,
			);
			runOnlyForDeploymentPostprocessing = 0;
		};
		829A9C96262C5161001B1C78 /* Frameworks */ = {
			isa = PBXFrameworksBuildPhase;
			buildActionMask = 2147483647;
			files = (
			);
			runOnlyForDeploymentPostprocessing = 0;
		};
		829A9CAA262C5246001B1C78 /* Frameworks */ = {
			isa = PBXFrameworksBuildPhase;
			buildActionMask = 2147483647;
			files = (
			);
			runOnlyForDeploymentPostprocessing = 0;
		};
		829A9CB2262C5246001B1C78 /* Frameworks */ = {
			isa = PBXFrameworksBuildPhase;
			buildActionMask = 2147483647;
			files = (
				829A9CB6262C5246001B1C78 /* SSC.framework in Frameworks */,
			);
			runOnlyForDeploymentPostprocessing = 0;
		};
/* End PBXFrameworksBuildPhase section */

/* Begin PBXGroup section */
		82149E23262AE0CA001A3797 /* Rain */ = {
			isa = PBXGroup;
			children = (
				82149E53262AE484001A3797 /* BackgroundSender.swift */,
				82149E20262AE0C6001A3797 /* RainBackground.swift */,
				82149E1B262ADF69001A3797 /* RainSound.wav */,
				82149E24262AE13C001A3797 /* Rain.xcassets */,
			);
			path = Rain;
			sourceTree = "<group>";
		};
		82189ACE261CBBD200DCB0D6 /* SKScenes */ = {
			isa = PBXGroup;
			children = (
				824ECDE12621DFE0008DB9E2 /* GameView.swift */,
				821F98542619019A008BC2E1 /* SamplePersonScene.swift */,
				82189ACF261CBC1100DCB0D6 /* GuidingScene1.swift */,
				82189AE0261CECB300DCB0D6 /* GuidingScene2.swift */,
				82DEB89F261E2392009B2FC8 /* GuidingScene4.swift */,
				82DEB8A2261E2D80009B2FC8 /* GuidingScene5.swift */,
			);
			path = SKScenes;
			sourceTree = "<group>";
		};
		82189ADB261CE56A00DCB0D6 /* Classes */ = {
			isa = PBXGroup;
			children = (
				8224973026286A0A0095AB0A /* DialogMenu.swift */,
				821F984B2618E7B3008BC2E1 /* Extentions.swift */,
				821F5BC0261F934200002453 /* ViewRouter.swift */,
				82D9F836261B80C30038F93A /* ObservableClass.swift */,
				82189ADC261CE59400DCB0D6 /* SpriteKitClass.swift */,
				8213DC2E2626E3870052049A /* PersonNode.swift */,
			);
			path = Classes;
			sourceTree = "<group>";
		};
		821F982E2618E047008BC2E1 = {
			isa = PBXGroup;
			children = (
				821F98392618E048008BC2E1 /* Swift Student Challenge-XCode */,
				829A9C9A262C5161001B1C78 /* MyPlayground */,
				829A9CAE262C5246001B1C78 /* SSC */,
				829A9CBB262C5246001B1C78 /* SSCTests */,
				821F98382618E048008BC2E1 /* Products */,
			);
			sourceTree = "<group>";
		};
		821F98382618E048008BC2E1 /* Products */ = {
			isa = PBXGroup;
			children = (
				821F98372618E048008BC2E1 /* Swift Student Challenge-XCode.app */,
				829A9C99262C5161001B1C78 /* MyPlayground.framework */,
				829A9CAD262C5246001B1C78 /* SSC.framework */,
				829A9CB5262C5246001B1C78 /* SSCTests.xctest */,
			);
			name = Products;
			sourceTree = "<group>";
		};
		821F98392618E048008BC2E1 /* Swift Student Challenge-XCode */ = {
			isa = PBXGroup;
			children = (
				824ECE10262232DD008DB9E2 /* Backlog.md */,
				82D4CF0D261B9B45003C794C /* SmallViews */,
				821F983A2618E048008BC2E1 /* Swift_Student_Challenge_XCodeApp.swift */,
				821F983C2618E048008BC2E1 /* ContentView.swift */,
				821F5BB7261F8FAD00002453 /* MainMenuView.swift */,
				821F984E2618FDA5008BC2E1 /* HowToPlayView.swift */,
				821F5BBA261F91A000002453 /* GameIntroduction1.swift */,
				824ECDD12620E6DC008DB9E2 /* GameIntroduction2.swift */,
				824ECDD62620F88E008DB9E2 /* GameIntroduction3.swift */,
				824ECE0D26222DAF008DB9E2 /* GameViewWrapper.swift */,
				82149E23262AE0CA001A3797 /* Rain */,
				82D4CF0C261B9B20003C794C /* Data */,
				82189ACE261CBBD200DCB0D6 /* SKScenes */,
				82189ADB261CE56A00DCB0D6 /* Classes */,
				821F983E2618E050008BC2E1 /* Assets.xcassets */,
				821F98512618FE89008BC2E1 /* Persons.xcassets */,
				821F98432618E050008BC2E1 /* Info.plist */,
				821F98402618E050008BC2E1 /* Preview Content */,
			);
			path = "Swift Student Challenge-XCode";
			sourceTree = "<group>";
		};
		821F98402618E050008BC2E1 /* Preview Content */ = {
			isa = PBXGroup;
			children = (
				821F98412618E050008BC2E1 /* Preview Assets.xcassets */,
			);
			path = "Preview Content";
			sourceTree = "<group>";
		};
		829A9C9A262C5161001B1C78 /* MyPlayground */ = {
			isa = PBXGroup;
			children = (
				829A9C9B262C5161001B1C78 /* MyPlayground.h */,
				829A9C9C262C5161001B1C78 /* Info.plist */,
			);
			path = MyPlayground;
			sourceTree = "<group>";
		};
		829A9CAE262C5246001B1C78 /* SSC */ = {
			isa = PBXGroup;
			children = (
				829A9CAF262C5246001B1C78 /* SSC.h */,
				829A9CB0262C5246001B1C78 /* Info.plist */,
			);
			path = SSC;
			sourceTree = "<group>";
		};
		829A9CBB262C5246001B1C78 /* SSCTests */ = {
			isa = PBXGroup;
			children = (
				829A9CBC262C5246001B1C78 /* SSCTests.swift */,
				829A9CBE262C5246001B1C78 /* Info.plist */,
			);
			path = SSCTests;
			sourceTree = "<group>";
		};
		82D4CF0C261B9B20003C794C /* Data */ = {
			isa = PBXGroup;
			children = (
				82D9F833261B55930038F93A /* Hobbies.swift */,
				82D9F830261B4D1E0038F93A /* Names.swift */,
				8213DC4A26273FD20052049A /* Line.swift */,
			);
			path = Data;
			sourceTree = "<group>";
		};
		82D4CF0D261B9B45003C794C /* SmallViews */ = {
			isa = PBXGroup;
			children = (
				82D9F829261B18030038F93A /* IntrestGuide.swift */,
				821F5BBD261F925300002453 /* QuoteView.swift */,
			);
			path = SmallViews;
			sourceTree = "<group>";
		};
/* End PBXGroup section */

/* Begin PBXHeadersBuildPhase section */
		829A9C94262C5161001B1C78 /* Headers */ = {
			isa = PBXHeadersBuildPhase;
			buildActionMask = 2147483647;
			files = (
				829A9C9D262C5161001B1C78 /* MyPlayground.h in Headers */,
			);
			runOnlyForDeploymentPostprocessing = 0;
		};
		829A9CA8262C5246001B1C78 /* Headers */ = {
			isa = PBXHeadersBuildPhase;
			buildActionMask = 2147483647;
			files = (
				829A9CBF262C5246001B1C78 /* SSC.h in Headers */,
			);
			runOnlyForDeploymentPostprocessing = 0;
		};
/* End PBXHeadersBuildPhase section */

/* Begin PBXNativeTarget section */
		821F98362618E048008BC2E1 /* Swift Student Challenge-XCode */ = {
			isa = PBXNativeTarget;
			buildConfigurationList = 821F98462618E050008BC2E1 /* Build configuration list for PBXNativeTarget "Swift Student Challenge-XCode" */;
			buildPhases = (
				821F98332618E048008BC2E1 /* Sources */,
				821F98342618E048008BC2E1 /* Frameworks */,
				821F98352618E048008BC2E1 /* Resources */,
				829A9CA5262C5161001B1C78 /* Embed Frameworks */,
			);
			buildRules = (
			);
			dependencies = (
				829A9C9F262C5161001B1C78 /* PBXTargetDependency */,
				829A9CC1262C5246001B1C78 /* PBXTargetDependency */,
			);
			name = "Swift Student Challenge-XCode";
			productName = "Swift Student Challenge-XCode";
			productReference = 821F98372618E048008BC2E1 /* Swift Student Challenge-XCode.app */;
			productType = "com.apple.product-type.application";
		};
		829A9C98262C5161001B1C78 /* MyPlayground */ = {
			isa = PBXNativeTarget;
			buildConfigurationList = 829A9CA2262C5161001B1C78 /* Build configuration list for PBXNativeTarget "MyPlayground" */;
			buildPhases = (
				829A9C94262C5161001B1C78 /* Headers */,
				829A9C95262C5161001B1C78 /* Sources */,
				829A9C96262C5161001B1C78 /* Frameworks */,
				829A9C97262C5161001B1C78 /* Resources */,
			);
			buildRules = (
			);
			dependencies = (
			);
			name = MyPlayground;
			productName = MyPlayground;
			productReference = 829A9C99262C5161001B1C78 /* MyPlayground.framework */;
			productType = "com.apple.product-type.framework";
		};
		829A9CAC262C5246001B1C78 /* SSC */ = {
			isa = PBXNativeTarget;
			buildConfigurationList = 829A9CC4262C5246001B1C78 /* Build configuration list for PBXNativeTarget "SSC" */;
			buildPhases = (
				829A9CA8262C5246001B1C78 /* Headers */,
				829A9CA9262C5246001B1C78 /* Sources */,
				829A9CAA262C5246001B1C78 /* Frameworks */,
				829A9CAB262C5246001B1C78 /* Resources */,
			);
			buildRules = (
			);
			dependencies = (
			);
			name = SSC;
			productName = SSC;
			productReference = 829A9CAD262C5246001B1C78 /* SSC.framework */;
			productType = "com.apple.product-type.framework";
		};
		829A9CB4262C5246001B1C78 /* SSCTests */ = {
			isa = PBXNativeTarget;
			buildConfigurationList = 829A9CC7262C5246001B1C78 /* Build configuration list for PBXNativeTarget "SSCTests" */;
			buildPhases = (
				829A9CB1262C5246001B1C78 /* Sources */,
				829A9CB2262C5246001B1C78 /* Frameworks */,
				829A9CB3262C5246001B1C78 /* Resources */,
			);
			buildRules = (
			);
			dependencies = (
				829A9CB8262C5246001B1C78 /* PBXTargetDependency */,
				829A9CBA262C5246001B1C78 /* PBXTargetDependency */,
			);
			name = SSCTests;
			productName = SSCTests;
			productReference = 829A9CB5262C5246001B1C78 /* SSCTests.xctest */;
			productType = "com.apple.product-type.bundle.unit-test";
		};
/* End PBXNativeTarget section */

/* Begin PBXProject section */
		821F982F2618E047008BC2E1 /* Project object */ = {
			isa = PBXProject;
			attributes = {
				LastSwiftUpdateCheck = 1240;
				LastUpgradeCheck = 1240;
				TargetAttributes = {
					821F98362618E048008BC2E1 = {
						CreatedOnToolsVersion = 12.4;
					};
					829A9C98262C5161001B1C78 = {
						CreatedOnToolsVersion = 12.4;
					};
					829A9CAC262C5246001B1C78 = {
						CreatedOnToolsVersion = 12.4;
					};
					829A9CB4262C5246001B1C78 = {
						CreatedOnToolsVersion = 12.4;
						TestTargetID = 821F98362618E048008BC2E1;
					};
				};
			};
			buildConfigurationList = 821F98322618E048008BC2E1 /* Build configuration list for PBXProject "Swift Student Challenge-XCode" */;
			compatibilityVersion = "Xcode 9.3";
			developmentRegion = en;
			hasScannedForEncodings = 0;
			knownRegions = (
				en,
				Base,
			);
			mainGroup = 821F982E2618E047008BC2E1;
			productRefGroup = 821F98382618E048008BC2E1 /* Products */;
			projectDirPath = "";
			projectRoot = "";
			targets = (
				821F98362618E048008BC2E1 /* Swift Student Challenge-XCode */,
				829A9C98262C5161001B1C78 /* MyPlayground */,
				829A9CAC262C5246001B1C78 /* SSC */,
				829A9CB4262C5246001B1C78 /* SSCTests */,
			);
		};
/* End PBXProject section */

/* Begin PBXResourcesBuildPhase section */
		821F98352618E048008BC2E1 /* Resources */ = {
			isa = PBXResourcesBuildPhase;
			buildActionMask = 2147483647;
			files = (
				821F98422618E050008BC2E1 /* Preview Assets.xcassets in Resources */,
				821F98522618FE89008BC2E1 /* Persons.xcassets in Resources */,
				824ECE11262232DE008DB9E2 /* Backlog.md in Resources */,
				821F983F2618E050008BC2E1 /* Assets.xcassets in Resources */,
				82149E1C262ADF69001A3797 /* RainSound.wav in Resources */,
				82149E25262AE13C001A3797 /* Rain.xcassets in Resources */,
			);
			runOnlyForDeploymentPostprocessing = 0;
		};
		829A9C97262C5161001B1C78 /* Resources */ = {
			isa = PBXResourcesBuildPhase;
			buildActionMask = 2147483647;
			files = (
			);
			runOnlyForDeploymentPostprocessing = 0;
		};
		829A9CAB262C5246001B1C78 /* Resources */ = {
			isa = PBXResourcesBuildPhase;
			buildActionMask = 2147483647;
			files = (
			);
			runOnlyForDeploymentPostprocessing = 0;
		};
		829A9CB3262C5246001B1C78 /* Resources */ = {
			isa = PBXResourcesBuildPhase;
			buildActionMask = 2147483647;
			files = (
			);
			runOnlyForDeploymentPostprocessing = 0;
		};
/* End PBXResourcesBuildPhase section */

/* Begin PBXSourcesBuildPhase section */
		821F98332618E048008BC2E1 /* Sources */ = {
			isa = PBXSourcesBuildPhase;
			buildActionMask = 2147483647;
			files = (
				82189ADD261CE59400DCB0D6 /* SpriteKitClass.swift in Sources */,
				82D9F82A261B18030038F93A /* IntrestGuide.swift in Sources */,
				821F5BB8261F8FAD00002453 /* MainMenuView.swift in Sources */,
				82DEB8A3261E2D80009B2FC8 /* GuidingScene5.swift in Sources */,
				821F984F2618FDA5008BC2E1 /* HowToPlayView.swift in Sources */,
				8213DC2F2626E3870052049A /* PersonNode.swift in Sources */,
				8213DC4B26273FD20052049A /* Line.swift in Sources */,
				824ECE0E26222DAF008DB9E2 /* GameViewWrapper.swift in Sources */,
				82D9F831261B4D1E0038F93A /* Names.swift in Sources */,
				821F5BBB261F91A000002453 /* GameIntroduction1.swift in Sources */,
				824ECDD72620F88E008DB9E2 /* GameIntroduction3.swift in Sources */,
				821F5BBE261F925300002453 /* QuoteView.swift in Sources */,
				824ECDD22620E6DC008DB9E2 /* GameIntroduction2.swift in Sources */,
				82149E54262AE484001A3797 /* BackgroundSender.swift in Sources */,
				821F983D2618E048008BC2E1 /* ContentView.swift in Sources */,
				82DEB8A0261E2392009B2FC8 /* GuidingScene4.swift in Sources */,
				82D9F834261B55940038F93A /* Hobbies.swift in Sources */,
				821F5BC1261F934200002453 /* ViewRouter.swift in Sources */,
				821F983B2618E048008BC2E1 /* Swift_Student_Challenge_XCodeApp.swift in Sources */,
				8224973126286A0A0095AB0A /* DialogMenu.swift in Sources */,
				82149E21262AE0C6001A3797 /* RainBackground.swift in Sources */,
				824ECDE22621DFE0008DB9E2 /* GameView.swift in Sources */,
				82189AD0261CBC1100DCB0D6 /* GuidingScene1.swift in Sources */,
				821F984C2618E7B3008BC2E1 /* Extentions.swift in Sources */,
				82189AE1261CECB300DCB0D6 /* GuidingScene2.swift in Sources */,
				82D9F837261B80C30038F93A /* ObservableClass.swift in Sources */,
				821F98552619019A008BC2E1 /* SamplePersonScene.swift in Sources */,
			);
			runOnlyForDeploymentPostprocessing = 0;
		};
		829A9C95262C5161001B1C78 /* Sources */ = {
			isa = PBXSourcesBuildPhase;
			buildActionMask = 2147483647;
			files = (
			);
			runOnlyForDeploymentPostprocessing = 0;
		};
		829A9CA9262C5246001B1C78 /* Sources */ = {
			isa = PBXSourcesBuildPhase;
			buildActionMask = 2147483647;
			files = (
			);
			runOnlyForDeploymentPostprocessing = 0;
		};
		829A9CB1262C5246001B1C78 /* Sources */ = {
			isa = PBXSourcesBuildPhase;
			buildActionMask = 2147483647;
			files = (
				829A9CBD262C5246001B1C78 /* SSCTests.swift in Sources */,
			);
			runOnlyForDeploymentPostprocessing = 0;
		};
/* End PBXSourcesBuildPhase section */

/* Begin PBXTargetDependency section */
		829A9C9F262C5161001B1C78 /* PBXTargetDependency */ = {
			isa = PBXTargetDependency;
			target = 829A9C98262C5161001B1C78 /* MyPlayground */;
			targetProxy = 829A9C9E262C5161001B1C78 /* PBXContainerItemProxy */;
		};
		829A9CB8262C5246001B1C78 /* PBXTargetDependency */ = {
			isa = PBXTargetDependency;
			target = 829A9CAC262C5246001B1C78 /* SSC */;
			targetProxy = 829A9CB7262C5246001B1C78 /* PBXContainerItemProxy */;
		};
		829A9CBA262C5246001B1C78 /* PBXTargetDependency */ = {
			isa = PBXTargetDependency;
			target = 821F98362618E048008BC2E1 /* Swift Student Challenge-XCode */;
			targetProxy = 829A9CB9262C5246001B1C78 /* PBXContainerItemProxy */;
		};
		829A9CC1262C5246001B1C78 /* PBXTargetDependency */ = {
			isa = PBXTargetDependency;
			target = 829A9CAC262C5246001B1C78 /* SSC */;
			targetProxy = 829A9CC0262C5246001B1C78 /* PBXContainerItemProxy */;
		};
/* End PBXTargetDependency section */

/* Begin XCBuildConfiguration section */
		821F98442618E050008BC2E1 /* Debug */ = {
			isa = XCBuildConfiguration;
			buildSettings = {
				ALWAYS_SEARCH_USER_PATHS = NO;
				CLANG_ANALYZER_NONNULL = YES;
				CLANG_ANALYZER_NUMBER_OBJECT_CONVERSION = YES_AGGRESSIVE;
				CLANG_CXX_LANGUAGE_STANDARD = "gnu++14";
				CLANG_CXX_LIBRARY = "libc++";
				CLANG_ENABLE_MODULES = YES;
				CLANG_ENABLE_OBJC_ARC = YES;
				CLANG_ENABLE_OBJC_WEAK = YES;
				CLANG_WARN_BLOCK_CAPTURE_AUTORELEASING = YES;
				CLANG_WARN_BOOL_CONVERSION = YES;
				CLANG_WARN_COMMA = YES;
				CLANG_WARN_CONSTANT_CONVERSION = YES;
				CLANG_WARN_DEPRECATED_OBJC_IMPLEMENTATIONS = YES;
				CLANG_WARN_DIRECT_OBJC_ISA_USAGE = YES_ERROR;
				CLANG_WARN_DOCUMENTATION_COMMENTS = YES;
				CLANG_WARN_EMPTY_BODY = YES;
				CLANG_WARN_ENUM_CONVERSION = YES;
				CLANG_WARN_INFINITE_RECURSION = YES;
				CLANG_WARN_INT_CONVERSION = YES;
				CLANG_WARN_NON_LITERAL_NULL_CONVERSION = YES;
				CLANG_WARN_OBJC_IMPLICIT_RETAIN_SELF = YES;
				CLANG_WARN_OBJC_LITERAL_CONVERSION = YES;
				CLANG_WARN_OBJC_ROOT_CLASS = YES_ERROR;
				CLANG_WARN_QUOTED_INCLUDE_IN_FRAMEWORK_HEADER = YES;
				CLANG_WARN_RANGE_LOOP_ANALYSIS = YES;
				CLANG_WARN_STRICT_PROTOTYPES = YES;
				CLANG_WARN_SUSPICIOUS_MOVE = YES;
				CLANG_WARN_UNGUARDED_AVAILABILITY = YES_AGGRESSIVE;
				CLANG_WARN_UNREACHABLE_CODE = YES;
				CLANG_WARN__DUPLICATE_METHOD_MATCH = YES;
				COPY_PHASE_STRIP = NO;
				DEBUG_INFORMATION_FORMAT = dwarf;
				ENABLE_STRICT_OBJC_MSGSEND = YES;
				ENABLE_TESTABILITY = YES;
				GCC_C_LANGUAGE_STANDARD = gnu11;
				GCC_DYNAMIC_NO_PIC = NO;
				GCC_NO_COMMON_BLOCKS = YES;
				GCC_OPTIMIZATION_LEVEL = 0;
				GCC_PREPROCESSOR_DEFINITIONS = (
					"DEBUG=1",
					"$(inherited)",
				);
				GCC_WARN_64_TO_32_BIT_CONVERSION = YES;
				GCC_WARN_ABOUT_RETURN_TYPE = YES_ERROR;
				GCC_WARN_UNDECLARED_SELECTOR = YES;
				GCC_WARN_UNINITIALIZED_AUTOS = YES_AGGRESSIVE;
				GCC_WARN_UNUSED_FUNCTION = YES;
				GCC_WARN_UNUSED_VARIABLE = YES;
				IPHONEOS_DEPLOYMENT_TARGET = 14.4;
				MTL_ENABLE_DEBUG_INFO = INCLUDE_SOURCE;
				MTL_FAST_MATH = YES;
				ONLY_ACTIVE_ARCH = YES;
				SDKROOT = iphoneos;
				SWIFT_ACTIVE_COMPILATION_CONDITIONS = DEBUG;
				SWIFT_OPTIMIZATION_LEVEL = "-Onone";
			};
			name = Debug;
		};
		821F98452618E050008BC2E1 /* Release */ = {
			isa = XCBuildConfiguration;
			buildSettings = {
				ALWAYS_SEARCH_USER_PATHS = NO;
				CLANG_ANALYZER_NONNULL = YES;
				CLANG_ANALYZER_NUMBER_OBJECT_CONVERSION = YES_AGGRESSIVE;
				CLANG_CXX_LANGUAGE_STANDARD = "gnu++14";
				CLANG_CXX_LIBRARY = "libc++";
				CLANG_ENABLE_MODULES = YES;
				CLANG_ENABLE_OBJC_ARC = YES;
				CLANG_ENABLE_OBJC_WEAK = YES;
				CLANG_WARN_BLOCK_CAPTURE_AUTORELEASING = YES;
				CLANG_WARN_BOOL_CONVERSION = YES;
				CLANG_WARN_COMMA = YES;
				CLANG_WARN_CONSTANT_CONVERSION = YES;
				CLANG_WARN_DEPRECATED_OBJC_IMPLEMENTATIONS = YES;
				CLANG_WARN_DIRECT_OBJC_ISA_USAGE = YES_ERROR;
				CLANG_WARN_DOCUMENTATION_COMMENTS = YES;
				CLANG_WARN_EMPTY_BODY = YES;
				CLANG_WARN_ENUM_CONVERSION = YES;
				CLANG_WARN_INFINITE_RECURSION = YES;
				CLANG_WARN_INT_CONVERSION = YES;
				CLANG_WARN_NON_LITERAL_NULL_CONVERSION = YES;
				CLANG_WARN_OBJC_IMPLICIT_RETAIN_SELF = YES;
				CLANG_WARN_OBJC_LITERAL_CONVERSION = YES;
				CLANG_WARN_OBJC_ROOT_CLASS = YES_ERROR;
				CLANG_WARN_QUOTED_INCLUDE_IN_FRAMEWORK_HEADER = YES;
				CLANG_WARN_RANGE_LOOP_ANALYSIS = YES;
				CLANG_WARN_STRICT_PROTOTYPES = YES;
				CLANG_WARN_SUSPICIOUS_MOVE = YES;
				CLANG_WARN_UNGUARDED_AVAILABILITY = YES_AGGRESSIVE;
				CLANG_WARN_UNREACHABLE_CODE = YES;
				CLANG_WARN__DUPLICATE_METHOD_MATCH = YES;
				COPY_PHASE_STRIP = NO;
				DEBUG_INFORMATION_FORMAT = "dwarf-with-dsym";
				ENABLE_NS_ASSERTIONS = NO;
				ENABLE_STRICT_OBJC_MSGSEND = YES;
				GCC_C_LANGUAGE_STANDARD = gnu11;
				GCC_NO_COMMON_BLOCKS = YES;
				GCC_WARN_64_TO_32_BIT_CONVERSION = YES;
				GCC_WARN_ABOUT_RETURN_TYPE = YES_ERROR;
				GCC_WARN_UNDECLARED_SELECTOR = YES;
				GCC_WARN_UNINITIALIZED_AUTOS = YES_AGGRESSIVE;
				GCC_WARN_UNUSED_FUNCTION = YES;
				GCC_WARN_UNUSED_VARIABLE = YES;
				IPHONEOS_DEPLOYMENT_TARGET = 14.4;
				MTL_ENABLE_DEBUG_INFO = NO;
				MTL_FAST_MATH = YES;
				SDKROOT = iphoneos;
				SWIFT_COMPILATION_MODE = wholemodule;
				SWIFT_OPTIMIZATION_LEVEL = "-O";
				VALIDATE_PRODUCT = YES;
			};
			name = Release;
		};
		821F98472618E050008BC2E1 /* Debug */ = {
			isa = XCBuildConfiguration;
			buildSettings = {
				ASSETCATALOG_COMPILER_APPICON_NAME = AppIcon;
				ASSETCATALOG_COMPILER_GLOBAL_ACCENT_COLOR_NAME = AccentColor;
				CODE_SIGN_STYLE = Automatic;
				DEVELOPMENT_ASSET_PATHS = "\"Swift Student Challenge-XCode/Preview Content\"";
				DEVELOPMENT_TEAM = 6HNM34F4V2;
				ENABLE_PREVIEWS = YES;
				INFOPLIST_FILE = "Swift Student Challenge-XCode/Info.plist";
				IPHONEOS_DEPLOYMENT_TARGET = 14.0;
				LD_RUNPATH_SEARCH_PATHS = (
					"$(inherited)",
					"@executable_path/Frameworks",
				);
				PRODUCT_BUNDLE_IDENTIFIER = "JakubSumionka.Swift-Student-Challenge-XCode";
				PRODUCT_NAME = "$(TARGET_NAME)";
				SWIFT_VERSION = 5.0;
				TARGETED_DEVICE_FAMILY = "1,2";
			};
			name = Debug;
		};
		821F98482618E050008BC2E1 /* Release */ = {
			isa = XCBuildConfiguration;
			buildSettings = {
				ASSETCATALOG_COMPILER_APPICON_NAME = AppIcon;
				ASSETCATALOG_COMPILER_GLOBAL_ACCENT_COLOR_NAME = AccentColor;
				CODE_SIGN_STYLE = Automatic;
				DEVELOPMENT_ASSET_PATHS = "\"Swift Student Challenge-XCode/Preview Content\"";
				DEVELOPMENT_TEAM = 6HNM34F4V2;
				ENABLE_PREVIEWS = YES;
				INFOPLIST_FILE = "Swift Student Challenge-XCode/Info.plist";
				IPHONEOS_DEPLOYMENT_TARGET = 14.0;
				LD_RUNPATH_SEARCH_PATHS = (
					"$(inherited)",
					"@executable_path/Frameworks",
				);
				PRODUCT_BUNDLE_IDENTIFIER = "JakubSumionka.Swift-Student-Challenge-XCode";
				PRODUCT_NAME = "$(TARGET_NAME)";
				SWIFT_VERSION = 5.0;
				TARGETED_DEVICE_FAMILY = "1,2";
			};
			name = Release;
		};
		829A9CA3262C5161001B1C78 /* Debug */ = {
			isa = XCBuildConfiguration;
			buildSettings = {
				CODE_SIGN_STYLE = Automatic;
				CURRENT_PROJECT_VERSION = 1;
				DEFINES_MODULE = YES;
				DEVELOPMENT_TEAM = 6HNM34F4V2;
				DYLIB_COMPATIBILITY_VERSION = 1;
				DYLIB_CURRENT_VERSION = 1;
				DYLIB_INSTALL_NAME_BASE = "@rpath";
				INFOPLIST_FILE = MyPlayground/Info.plist;
				INSTALL_PATH = "$(LOCAL_LIBRARY_DIR)/Frameworks";
				LD_RUNPATH_SEARCH_PATHS = (
					"$(inherited)",
					"@executable_path/Frameworks",
					"@loader_path/Frameworks",
				);
				PRODUCT_BUNDLE_IDENTIFIER = JakubSumionka.MyPlayground;
				PRODUCT_NAME = "$(TARGET_NAME:c99extidentifier)";
				SKIP_INSTALL = YES;
				SWIFT_VERSION = 5.0;
				TARGETED_DEVICE_FAMILY = "1,2";
				VERSIONING_SYSTEM = "apple-generic";
				VERSION_INFO_PREFIX = "";
			};
			name = Debug;
		};
		829A9CA4262C5161001B1C78 /* Release */ = {
			isa = XCBuildConfiguration;
			buildSettings = {
				CODE_SIGN_STYLE = Automatic;
				CURRENT_PROJECT_VERSION = 1;
				DEFINES_MODULE = YES;
				DEVELOPMENT_TEAM = 6HNM34F4V2;
				DYLIB_COMPATIBILITY_VERSION = 1;
				DYLIB_CURRENT_VERSION = 1;
				DYLIB_INSTALL_NAME_BASE = "@rpath";
				INFOPLIST_FILE = MyPlayground/Info.plist;
				INSTALL_PATH = "$(LOCAL_LIBRARY_DIR)/Frameworks";
				LD_RUNPATH_SEARCH_PATHS = (
					"$(inherited)",
					"@executable_path/Frameworks",
					"@loader_path/Frameworks",
				);
				PRODUCT_BUNDLE_IDENTIFIER = JakubSumionka.MyPlayground;
				PRODUCT_NAME = "$(TARGET_NAME:c99extidentifier)";
				SKIP_INSTALL = YES;
				SWIFT_VERSION = 5.0;
				TARGETED_DEVICE_FAMILY = "1,2";
				VERSIONING_SYSTEM = "apple-generic";
				VERSION_INFO_PREFIX = "";
			};
			name = Release;
		};
		829A9CC5262C5246001B1C78 /* Debug */ = {
			isa = XCBuildConfiguration;
			buildSettings = {
				CODE_SIGN_STYLE = Automatic;
				CURRENT_PROJECT_VERSION = 1;
				DEFINES_MODULE = YES;
				DEVELOPMENT_TEAM = 6HNM34F4V2;
				DYLIB_COMPATIBILITY_VERSION = 1;
				DYLIB_CURRENT_VERSION = 1;
				DYLIB_INSTALL_NAME_BASE = "@rpath";
				INFOPLIST_FILE = SSC/Info.plist;
				INSTALL_PATH = "$(LOCAL_LIBRARY_DIR)/Frameworks";
				LD_RUNPATH_SEARCH_PATHS = (
					"$(inherited)",
					"@executable_path/Frameworks",
					"@loader_path/Frameworks",
				);
				PRODUCT_BUNDLE_IDENTIFIER = JakubSumionka.SSC;
				PRODUCT_NAME = "$(TARGET_NAME:c99extidentifier)";
				SKIP_INSTALL = YES;
				SWIFT_VERSION = 5.0;
				TARGETED_DEVICE_FAMILY = "1,2";
				VERSIONING_SYSTEM = "apple-generic";
				VERSION_INFO_PREFIX = "";
			};
			name = Debug;
		};
		829A9CC6262C5246001B1C78 /* Release */ = {
			isa = XCBuildConfiguration;
			buildSettings = {
				CODE_SIGN_STYLE = Automatic;
				CURRENT_PROJECT_VERSION = 1;
				DEFINES_MODULE = YES;
				DEVELOPMENT_TEAM = 6HNM34F4V2;
				DYLIB_COMPATIBILITY_VERSION = 1;
				DYLIB_CURRENT_VERSION = 1;
				DYLIB_INSTALL_NAME_BASE = "@rpath";
				INFOPLIST_FILE = SSC/Info.plist;
				INSTALL_PATH = "$(LOCAL_LIBRARY_DIR)/Frameworks";
				LD_RUNPATH_SEARCH_PATHS = (
					"$(inherited)",
					"@executable_path/Frameworks",
					"@loader_path/Frameworks",
				);
				PRODUCT_BUNDLE_IDENTIFIER = JakubSumionka.SSC;
				PRODUCT_NAME = "$(TARGET_NAME:c99extidentifier)";
				SKIP_INSTALL = YES;
				SWIFT_VERSION = 5.0;
				TARGETED_DEVICE_FAMILY = "1,2";
				VERSIONING_SYSTEM = "apple-generic";
				VERSION_INFO_PREFIX = "";
			};
			name = Release;
		};
		829A9CC8262C5246001B1C78 /* Debug */ = {
			isa = XCBuildConfiguration;
			buildSettings = {
				ALWAYS_EMBED_SWIFT_STANDARD_LIBRARIES = YES;
				CODE_SIGN_STYLE = Automatic;
				DEVELOPMENT_TEAM = 8NJ3263MHW;
				INFOPLIST_FILE = SSCTests/Info.plist;
				LD_RUNPATH_SEARCH_PATHS = (
					"$(inherited)",
					"@executable_path/Frameworks",
					"@loader_path/Frameworks",
				);
				PRODUCT_BUNDLE_IDENTIFIER = JakubSumionka.SSCTests;
				PRODUCT_NAME = "$(TARGET_NAME)";
				SWIFT_VERSION = 5.0;
				TARGETED_DEVICE_FAMILY = "1,2";
				TEST_HOST = "$(BUILT_PRODUCTS_DIR)/Swift Student Challenge-XCode.app/Swift Student Challenge-XCode";
			};
			name = Debug;
		};
		829A9CC9262C5246001B1C78 /* Release */ = {
			isa = XCBuildConfiguration;
			buildSettings = {
				ALWAYS_EMBED_SWIFT_STANDARD_LIBRARIES = YES;
				CODE_SIGN_STYLE = Automatic;
				DEVELOPMENT_TEAM = 8NJ3263MHW;
				INFOPLIST_FILE = SSCTests/Info.plist;
				LD_RUNPATH_SEARCH_PATHS = (
					"$(inherited)",
					"@executable_path/Frameworks",
					"@loader_path/Frameworks",
				);
				PRODUCT_BUNDLE_IDENTIFIER = JakubSumionka.SSCTests;
				PRODUCT_NAME = "$(TARGET_NAME)";
				SWIFT_VERSION = 5.0;
				TARGETED_DEVICE_FAMILY = "1,2";
				TEST_HOST = "$(BUILT_PRODUCTS_DIR)/Swift Student Challenge-XCode.app/Swift Student Challenge-XCode";
			};
			name = Release;
		};
/* End XCBuildConfiguration section */

/* Begin XCConfigurationList section */
		821F98322618E048008BC2E1 /* Build configuration list for PBXProject "Swift Student Challenge-XCode" */ = {
			isa = XCConfigurationList;
			buildConfigurations = (
				821F98442618E050008BC2E1 /* Debug */,
				821F98452618E050008BC2E1 /* Release */,
			);
			defaultConfigurationIsVisible = 0;
			defaultConfigurationName = Release;
		};
		821F98462618E050008BC2E1 /* Build configuration list for PBXNativeTarget "Swift Student Challenge-XCode" */ = {
			isa = XCConfigurationList;
			buildConfigurations = (
				821F98472618E050008BC2E1 /* Debug */,
				821F98482618E050008BC2E1 /* Release */,
			);
			defaultConfigurationIsVisible = 0;
			defaultConfigurationName = Release;
		};
		829A9CA2262C5161001B1C78 /* Build configuration list for PBXNativeTarget "MyPlayground" */ = {
			isa = XCConfigurationList;
			buildConfigurations = (
				829A9CA3262C5161001B1C78 /* Debug */,
				829A9CA4262C5161001B1C78 /* Release */,
			);
			defaultConfigurationIsVisible = 0;
			defaultConfigurationName = Release;
		};
		829A9CC4262C5246001B1C78 /* Build configuration list for PBXNativeTarget "SSC" */ = {
			isa = XCConfigurationList;
			buildConfigurations = (
				829A9CC5262C5246001B1C78 /* Debug */,
				829A9CC6262C5246001B1C78 /* Release */,
			);
			defaultConfigurationIsVisible = 0;
			defaultConfigurationName = Release;
		};
		829A9CC7262C5246001B1C78 /* Build configuration list for PBXNativeTarget "SSCTests" */ = {
			isa = XCConfigurationList;
			buildConfigurations = (
				829A9CC8262C5246001B1C78 /* Debug */,
				829A9CC9262C5246001B1C78 /* Release */,
			);
			defaultConfigurationIsVisible = 0;
			defaultConfigurationName = Release;
		};
/* End XCConfigurationList section */
	};
	rootObject = 821F982F2618E047008BC2E1 /* Project object */;
}
